
Microsoft Visual Studio Solution File, Format Version 12.00
# Visual Studio Version 16
VisualStudioVersion = 16.0.31911.196
MinimumVisualStudioVersion = 10.0.40219.1
Project("{FAE04EC0-301F-11D3-BF4B-00C04F79EFBC}") = "GoldBadge_Cafe", "GoldBadge_Cafe\GoldBadge_Cafe.csproj", "{1FDA6226-1EED-4733-BC1E-6FA70D0A2DF2}"
EndProject
Project("{FAE04EC0-301F-11D3-BF4B-00C04F79EFBC}") = "GoldBadge_Cafe_POCO", "GoldBadge_Cafe_POCO\GoldBadge_Cafe_POCO.csproj", "{C6A97069-8C09-4B20-A4BB-89DEE9ECA045}"
EndProject
Project("{FAE04EC0-301F-11D3-BF4B-00C04F79EFBC}") = "GoldBadge_Cafe_Repository", "GoldBadge_Cafe_Repository\GoldBadge_Cafe_Repository.csproj", "{A13077B8-7C97-488A-8014-18453488492E}"
EndProject
Project("{FAE04EC0-301F-11D3-BF4B-00C04F79EFBC}") = "GoldBadge_ClaimTest", "GoldBadge_CafeTest\GoldBadge_ClaimTest.csproj", "{31786176-0545-4A57-8409-577D47987F6C}"
EndProject
Project("{FAE04EC0-301F-11D3-BF4B-00C04F79EFBC}") = "GoldBadge_Claim", "GoldBadge_Claim\GoldBadge_Claim.csproj", "{41685CEB-50C7-4E50-A563-3358058B5D60}"
EndProject
Project("{FAE04EC0-301F-11D3-BF4B-00C04F79EFBC}") = "GoldBadge_Claim_POCO", "GoldBadge_Claim_POCO\GoldBadge_Claim_POCO.csproj", "{E0635E61-6F8A-45E2-ABF5-1A0F0703CF6A}"
EndProject
Project("{FAE04EC0-301F-11D3-BF4B-00C04F79EFBC}") = "GoldBadge_Claim_Repository", "GoldBadge_Claim_Repository\GoldBadge_Claim_Repository.csproj", "{3EB0F602-F3A9-4CD9-8AAA-4920DB76F382}"
EndProject
Project("{2150E333-8FDC-42A3-9474-1A3956D46DE8}") = "Cafe", "Cafe", "{01B014CF-404D-49FF-A279-E2AE468F77B9}"
EndProject
Project("{2150E333-8FDC-42A3-9474-1A3956D46DE8}") = "Claims", "Claims", "{C9EA153F-B158-4351-ADE6-917F34C14482}"
EndProject
Project("{FAE04EC0-301F-11D3-BF4B-00C04F79EFBC}") = "GoldBadge_Badge_POCO", "GoldBadge_Badge_POCO\GoldBadge_Badge_POCO.csproj", "{B78EDA3B-6CFD-4C8C-82CF-3AD3F1F9F8B4}"
EndProject
Project("{2150E333-8FDC-42A3-9474-1A3956D46DE8}") = "Badge", "Badge", "{23318591-ED6B-4019-B846-CD5DB7772211}"
EndProject
Project("{FAE04EC0-301F-11D3-BF4B-00C04F79EFBC}") = "GoldBadge_Badge_Repository", "GoldBadge_Badge_Repository\GoldBadge_Badge_Repository.csproj", "{C3986F44-98DB-44DA-9834-03F7EA9206FE}"
EndProject
Project("{FAE04EC0-301F-11D3-BF4B-00C04F79EFBC}") = "GoldBadge_Badge_UI", "GoldBadge_Badge_UI\GoldBadge_Badge_UI.csproj", "{E055F257-6D0E-4EA4-96BC-90AD19EDD09D}"
EndProject
Project("{FAE04EC0-301F-11D3-BF4B-00C04F79EFBC}") = "GoldBadge_Badge_UnitTest", "GoldBadge_Badge_UnitTest\GoldBadge_Badge_UnitTest.csproj", "{B8B3F6C9-00AC-41B6-8198-4897C4516DD0}"
EndProject
Project("{FAE04EC0-301F-11D3-BF4B-00C04F79EFBC}") = "GoldBadge_Cafe_UnitTest", "GoldBadge_Cafe_UnitTest\GoldBadge_Cafe_UnitTest.csproj", "{CDD8FB52-C76A-48B6-8D5E-A49E5A8C88D9}"
EndProject
Global
	GlobalSection(SolutionConfigurationPlatforms) = preSolution
		Debug|Any CPU = Debug|Any CPU
		Release|Any CPU = Release|Any CPU
	EndGlobalSection
	GlobalSection(ProjectConfigurationPlatforms) = postSolution
		{1FDA6226-1EED-4733-BC1E-6FA70D0A2DF2}.Debug|Any CPU.ActiveCfg = Debug|Any CPU
		{1FDA6226-1EED-4733-BC1E-6FA70D0A2DF2}.Debug|Any CPU.Build.0 = Debug|Any CPU
		{1FDA6226-1EED-4733-BC1E-6FA70D0A2DF2}.Release|Any CPU.ActiveCfg = Release|Any CPU
		{1FDA6226-1EED-4733-BC1E-6FA70D0A2DF2}.Release|Any CPU.Build.0 = Release|Any CPU
		{C6A97069-8C09-4B20-A4BB-89DEE9ECA045}.Debug|Any CPU.ActiveCfg = Debug|Any CPU
		{C6A97069-8C09-4B20-A4BB-89DEE9ECA045}.Debug|Any CPU.Build.0 = Debug|Any CPU
		{C6A97069-8C09-4B20-A4BB-89DEE9ECA045}.Release|Any CPU.ActiveCfg = Release|Any CPU
		{C6A97069-8C09-4B20-A4BB-89DEE9ECA045}.Release|Any CPU.Build.0 = Release|Any CPU
		{A13077B8-7C97-488A-8014-18453488492E}.Debug|Any CPU.ActiveCfg = Debug|Any CPU
		{A13077B8-7C97-488A-8014-18453488492E}.Debug|Any CPU.Build.0 = Debug|Any CPU
		{A13077B8-7C97-488A-8014-18453488492E}.Release|Any CPU.ActiveCfg = Release|Any CPU
		{A13077B8-7C97-488A-8014-18453488492E}.Release|Any CPU.Build.0 = Release|Any CPU
		{31786176-0545-4A57-8409-577D47987F6C}.Debug|Any CPU.ActiveCfg = Debug|Any CPU
		{31786176-0545-4A57-8409-577D47987F6C}.Debug|Any CPU.Build.0 = Debug|Any CPU
		{31786176-0545-4A57-8409-577D47987F6C}.Release|Any CPU.ActiveCfg = Release|Any CPU
		{31786176-0545-4A57-8409-577D47987F6C}.Release|Any CPU.Build.0 = Release|Any CPU
		{41685CEB-50C7-4E50-A563-3358058B5D60}.Debug|Any CPU.ActiveCfg = Debug|Any CPU
		{41685CEB-50C7-4E50-A563-3358058B5D60}.Debug|Any CPU.Build.0 = Debug|Any CPU
		{41685CEB-50C7-4E50-A563-3358058B5D60}.Release|Any CPU.ActiveCfg = Release|Any CPU
		{41685CEB-50C7-4E50-A563-3358058B5D60}.Release|Any CPU.Build.0 = Release|Any CPU
		{E0635E61-6F8A-45E2-ABF5-1A0F0703CF6A}.Debug|Any CPU.ActiveCfg = Debug|Any CPU
		{E0635E61-6F8A-45E2-ABF5-1A0F0703CF6A}.Debug|Any CPU.Build.0 = Debug|Any CPU
		{E0635E61-6F8A-45E2-ABF5-1A0F0703CF6A}.Release|Any CPU.ActiveCfg = Release|Any CPU
		{E0635E61-6F8A-45E2-ABF5-1A0F0703CF6A}.Release|Any CPU.Build.0 = Release|Any CPU
		{3EB0F602-F3A9-4CD9-8AAA-4920DB76F382}.Debug|Any CPU.ActiveCfg = Debug|Any CPU
		{3EB0F602-F3A9-4CD9-8AAA-4920DB76F382}.Debug|Any CPU.Build.0 = Debug|Any CPU
		{3EB0F602-F3A9-4CD9-8AAA-4920DB76F382}.Release|Any CPU.ActiveCfg = Release|Any CPU
		{3EB0F602-F3A9-4CD9-8AAA-4920DB76F382}.Release|Any CPU.Build.0 = Release|Any CPU
		{B78EDA3B-6CFD-4C8C-82CF-3AD3F1F9F8B4}.Debug|Any CPU.ActiveCfg = Debug|Any CPU
		{B78EDA3B-6CFD-4C8C-82CF-3AD3F1F9F8B4}.Debug|Any CPU.Build.0 = Debug|Any CPU
		{B78EDA3B-6CFD-4C8C-82CF-3AD3F1F9F8B4}.Release|Any CPU.ActiveCfg = Release|Any CPU
		{B78EDA3B-6CFD-4C8C-82CF-3AD3F1F9F8B4}.Release|Any CPU.Build.0 = Release|Any CPU
		{C3986F44-98DB-44DA-9834-03F7EA9206FE}.Debug|Any CPU.ActiveCfg = Debug|Any CPU
		{C3986F44-98DB-44DA-9834-03F7EA9206FE}.Debug|Any CPU.Build.0 = Debug|Any CPU
		{C3986F44-98DB-44DA-9834-03F7EA9206FE}.Release|Any CPU.ActiveCfg = Release|Any CPU
		{C3986F44-98DB-44DA-9834-03F7EA9206FE}.Release|Any CPU.Build.0 = Release|Any CPU
		{E055F257-6D0E-4EA4-96BC-90AD19EDD09D}.Debug|Any CPU.ActiveCfg = Debug|Any CPU
		{E055F257-6D0E-4EA4-96BC-90AD19EDD09D}.Debug|Any CPU.Build.0 = Debug|Any CPU
		{E055F257-6D0E-4EA4-96BC-90AD19EDD09D}.Release|Any CPU.ActiveCfg = Release|Any CPU
		{E055F257-6D0E-4EA4-96BC-90AD19EDD09D}.Release|Any CPU.Build.0 = Release|Any CPU
		{B8B3F6C9-00AC-41B6-8198-4897C4516DD0}.Debug|Any CPU.ActiveCfg = Debug|Any CPU
		{B8B3F6C9-00AC-41B6-8198-4897C4516DD0}.Debug|Any CPU.Build.0 = Debug|Any CPU
		{B8B3F6C9-00AC-41B6-8198-4897C4516DD0}.Release|Any CPU.ActiveCfg = Release|Any CPU
		{B8B3F6C9-00AC-41B6-8198-4897C4516DD0}.Release|Any CPU.Build.0 = Release|Any CPU
		{CDD8FB52-C76A-48B6-8D5E-A49E5A8C88D9}.Debug|Any CPU.ActiveCfg = Debug|Any CPU
		{CDD8FB52-C76A-48B6-8D5E-A49E5A8C88D9}.Debug|Any CPU.Build.0 = Debug|Any CPU
		{CDD8FB52-C76A-48B6-8D5E-A49E5A8C88D9}.Release|Any CPU.ActiveCfg = Release|Any CPU
		{CDD8FB52-C76A-48B6-8D5E-A49E5A8C88D9}.Release|Any CPU.Build.0 = Release|Any CPU
	EndGlobalSection
	GlobalSection(SolutionProperties) = preSolution
		HideSolutionNode = FALSE
	EndGlobalSection
	GlobalSection(NestedProjects) = preSolution
		{1FDA6226-1EED-4733-BC1E-6FA70D0A2DF2} = {01B014CF-404D-49FF-A279-E2AE468F77B9}
		{C6A97069-8C09-4B20-A4BB-89DEE9ECA045} = {01B014CF-404D-49FF-A279-E2AE468F77B9}
		{A13077B8-7C97-488A-8014-18453488492E} = {01B014CF-404D-49FF-A279-E2AE468F77B9}
		{31786176-0545-4A57-8409-577D47987F6C} = {C9EA153F-B158-4351-ADE6-917F34C14482}
		{41685CEB-50C7-4E50-A563-3358058B5D60} = {C9EA153F-B158-4351-ADE6-917F34C14482}
		{E0635E61-6F8A-45E2-ABF5-1A0F0703CF6A} = {C9EA153F-B158-4351-ADE6-917F34C14482}
		{3EB0F602-F3A9-4CD9-8AAA-4920DB76F382} = {C9EA153F-B158-4351-ADE6-917F34C14482}
		{B78EDA3B-6CFD-4C8C-82CF-3AD3F1F9F8B4} = {23318591-ED6B-4019-B846-CD5DB7772211}
		{C3986F44-98DB-44DA-9834-03F7EA9206FE} = {23318591-ED6B-4019-B846-CD5DB7772211}
		{E055F257-6D0E-4EA4-96BC-90AD19EDD09D} = {23318591-ED6B-4019-B846-CD5DB7772211}
		{B8B3F6C9-00AC-41B6-8198-4897C4516DD0} = {23318591-ED6B-4019-B846-CD5DB7772211}
		{CDD8FB52-C76A-48B6-8D5E-A49E5A8C88D9} = {01B014CF-404D-49FF-A279-E2AE468F77B9}
	EndGlobalSection
	GlobalSection(ExtensibilityGlobals) = postSolution
		SolutionGuid = {23480EC8-6741-412C-A7B7-518F5C079A2B}
	EndGlobalSection
EndGlobal
